
Microsoft Visual Studio Solution File, Format Version 12.00
# Visual Studio Version 17
VisualStudioVersion = 17.9.34728.123
MinimumVisualStudioVersion = 10.0.40219.1
Project("{FAE04EC0-301F-11D3-BF4B-00C04F79EFBC}") = "EnkephalinTimer", "EnkephalinTimer\EnkephalinTimer.csproj", "{A3CBF8CF-C4C6-4C3E-BCF4-13AFE3826840}"
EndProject
Global
	GlobalSection(SolutionConfigurationPlatforms) = preSolution
		Debug|Any CPU = Debug|Any CPU
		Release|Any CPU = Release|Any CPU
	EndGlobalSection
	GlobalSection(ProjectConfigurationPlatforms) = postSolution
		{A3CBF8CF-C4C6-4C3E-BCF4-13AFE3826840}.Debug|Any CPU.ActiveCfg = Debug|Any CPU
		{A3CBF8CF-C4C6-4C3E-BCF4-13AFE3826840}.Debug|Any CPU.Build.0 = Debug|Any CPU
		{A3CBF8CF-C4C6-4C3E-BCF4-13AFE3826840}.Release|Any CPU.ActiveCfg = Release|Any CPU
		{A3CBF8CF-C4C6-4C3E-BCF4-13AFE3826840}.Release|Any CPU.Build.0 = Release|Any CPU
	EndGlobalSection
	GlobalSection(SolutionProperties) = preSolution
		HideSolutionNode = FALSE
	EndGlobalSection
	GlobalSection(ExtensibilityGlobals) = postSolution
		SolutionGuid = {15D59101-3925-4092-B3B2-D5F6D8C8150C}
	EndGlobalSection
EndGlobal
